
Microsoft Visual Studio Solution File, Format Version 12.00
# Visual Studio Version 17
VisualStudioVersion = 17.11.35312.102
MinimumVisualStudioVersion = 10.0.40219.1
Project("{FAE04EC0-301F-11D3-BF4B-00C04F79EFBC}") = "TravelRouteConsole", "TravelRouteConsole\TravelRouteConsole.csproj", "{0EC2B832-A02B-4757-8F7E-756854B0C758}"
EndProject
Project("{FAE04EC0-301F-11D3-BF4B-00C04F79EFBC}") = "TravelRouteApi", "TravelRouteApi\TravelRouteApi.csproj", "{F9E24CED-55AA-4D49-A009-0042133DF73A}"
EndProject
Project("{FAE04EC0-301F-11D3-BF4B-00C04F79EFBC}") = "TravelRouteLib", "TravelRouteLib\TravelRouteLib.csproj", "{69EA0241-2071-4E3E-BA40-8D6A056BF275}"
EndProject
Global
	GlobalSection(SolutionConfigurationPlatforms) = preSolution
		Debug|Any CPU = Debug|Any CPU
		Release|Any CPU = Release|Any CPU
	EndGlobalSection
	GlobalSection(ProjectConfigurationPlatforms) = postSolution
		{0EC2B832-A02B-4757-8F7E-756854B0C758}.Debug|Any CPU.ActiveCfg = Debug|Any CPU
		{0EC2B832-A02B-4757-8F7E-756854B0C758}.Debug|Any CPU.Build.0 = Debug|Any CPU
		{0EC2B832-A02B-4757-8F7E-756854B0C758}.Release|Any CPU.ActiveCfg = Release|Any CPU
		{0EC2B832-A02B-4757-8F7E-756854B0C758}.Release|Any CPU.Build.0 = Release|Any CPU
		{F9E24CED-55AA-4D49-A009-0042133DF73A}.Debug|Any CPU.ActiveCfg = Debug|Any CPU
		{F9E24CED-55AA-4D49-A009-0042133DF73A}.Debug|Any CPU.Build.0 = Debug|Any CPU
		{F9E24CED-55AA-4D49-A009-0042133DF73A}.Release|Any CPU.ActiveCfg = Release|Any CPU
		{F9E24CED-55AA-4D49-A009-0042133DF73A}.Release|Any CPU.Build.0 = Release|Any CPU
		{69EA0241-2071-4E3E-BA40-8D6A056BF275}.Debug|Any CPU.ActiveCfg = Debug|Any CPU
		{69EA0241-2071-4E3E-BA40-8D6A056BF275}.Debug|Any CPU.Build.0 = Debug|Any CPU
		{69EA0241-2071-4E3E-BA40-8D6A056BF275}.Release|Any CPU.ActiveCfg = Release|Any CPU
		{69EA0241-2071-4E3E-BA40-8D6A056BF275}.Release|Any CPU.Build.0 = Release|Any CPU
	EndGlobalSection
	GlobalSection(SolutionProperties) = preSolution
		HideSolutionNode = FALSE
	EndGlobalSection
	GlobalSection(ExtensibilityGlobals) = postSolution
		SolutionGuid = {E4775804-D9EB-467A-8A16-DCB9C8398E04}
	EndGlobalSection
EndGlobal
